<?xml version="1.0" encoding="UTF-8"?>
<Scheme
   version = "1.3">
   <BuildAction>
      <BuildActionEntries>
         <BuildActionEntry
            buildForRunning = "YES"
            buildForTesting = "YES">
            <BuildableReference
               BuildableIdentifier = "primary"
               BlueprintIdentifier = "0292ED2018869E5200DF540E"
               BuildableName = "ObjDLibiOSTests.xctest"
               BlueprintName = "ObjDLibiOSTests"
               ReferencedContainer = "container:ObjDLib.xcodeproj">
            </BuildableReference>
         </BuildActionEntry>
      </BuildActionEntries>
   </BuildAction>
   <TestAction
      buildConfiguration = "Debug">
      <Testables>
         <TestableReference>
            <BuildableReference
               BuildableIdentifier = "primary"
               BlueprintIdentifier = "0292ED2018869E5200DF540E"
               BuildableName = "ObjDLibiOSTests.xctest"
               BlueprintName = "ObjDLibiOSTests"
               ReferencedContainer = "container:ObjDLib.xcodeproj">
            </BuildableReference>
         </TestableReference>
      </Testables>
   </TestAction>
   <LaunchAction
      useCustomWorkingDirectory = "NO">
   </LaunchAction>
</Scheme>
