<?xml version="1.0" encoding="UTF-8"?>
<Scheme
   version = "1.3">
   <BuildAction>
      <BuildActionEntries>
         <BuildActionEntry
            buildForRunning = "YES"
            buildForTesting = "YES">
            <BuildableReference
               BuildableIdentifier = "primary"
               BlueprintIdentifier = "0292ED4E18869FC400DF540E"
               BuildableName = "ObjDLibOSXTests.xctest"
               BlueprintName = "ObjDLibOSXTests"
               ReferencedContainer = "container:ObjDLib.xcodeproj">
            </BuildableReference>
         </BuildActionEntry>
      </BuildActionEntries>
   </BuildAction>
   <TestAction
      buildConfiguration = "Debug">
      <Testables>
         <TestableReference>
            <BuildableReference
               BuildableIdentifier = "primary"
               BlueprintIdentifier = "0292ED4E18869FC400DF540E"
               BuildableName = "ObjDLibOSXTests.xctest"
               BlueprintName = "ObjDLibOSXTests"
               ReferencedContainer = "container:ObjDLib.xcodeproj">
            </BuildableReference>
            <SkippedTests>
               <Test
                  Identifier = "CNChainTest/testAnd">
               </Test>
               <Test
                  Identifier = "CNChainTest/testFlat">
               </Test>
               <Test
                  Identifier = "CNChainTest/testOr">
               </Test>
               <Test
                  Identifier = "CNChainTest/testVoidFuture">
               </Test>
               <Test
                  Identifier = "CNChainTest/testZip">
               </Test>
               <Test
                  Identifier = "CNChainTest/testZip3">
               </Test>
               <Test
                  Identifier = "CNChainTest/testZipFor">
               </Test>
               <Test
                  Identifier = "CNFutureTest">
               </Test>
               <Test
                  Identifier = "CNQueueTest">
               </Test>
               <Test
                  Identifier = "CNTreeMapTest">
               </Test>
               <Test
                  Identifier = "TSTestCase">
               </Test>
            </SkippedTests>
         </TestableReference>
      </Testables>
   </TestAction>
   <LaunchAction
      useCustomWorkingDirectory = "NO">
   </LaunchAction>
</Scheme>
