// !$*UTF8*$!
{
	archiveVersion = 1;
	classes = {
	};
	objectVersion = 46;
	objects = {

/* Begin PBXBuildFile section */
		028E7AA41940CCBB00B60CD1 /* AppDelegate.swift in Sources */ = {isa = PBXBuildFile; fileRef = 028E7AA31940CCBB00B60CD1 /* AppDelegate.swift */; };
		028E7AA71940CCBB00B60CD1 /* test_mdv.xcdatamodeld in Sources */ = {isa = PBXBuildFile; fileRef = 028E7AA51940CCBB00B60CD1 /* test_mdv.xcdatamodeld */; };
		028E7AA91940CCBB00B60CD1 /* MasterViewController.swift in Sources */ = {isa = PBXBuildFile; fileRef = 028E7AA81940CCBB00B60CD1 /* MasterViewController.swift */; };
		028E7AAB1940CCBB00B60CD1 /* DetailViewController.swift in Sources */ = {isa = PBXBuildFile; fileRef = 028E7AAA1940CCBB00B60CD1 /* DetailViewController.swift */; };
		028E7AAE1940CCBB00B60CD1 /* Main.storyboard in Resources */ = {isa = PBXBuildFile; fileRef = 028E7AAC1940CCBB00B60CD1 /* Main.storyboard */; };
		028E7AB01940CCBB00B60CD1 /* Images.xcassets in Resources */ = {isa = PBXBuildFile; fileRef = 028E7AAF1940CCBB00B60CD1 /* Images.xcassets */; };
		028E7ABC1940CCBB00B60CD1 /* test_mdvTests.swift in Sources */ = {isa = PBXBuildFile; fileRef = 028E7ABB1940CCBB00B60CD1 /* test_mdvTests.swift */; };
/* End PBXBuildFile section */

/* Begin PBXContainerItemProxy section */
		028E7AB61940CCBB00B60CD1 /* PBXContainerItemProxy */ = {
			isa = PBXContainerItemProxy;
			containerPortal = 028E7A961940CCBB00B60CD1 /* Project object */;
			proxyType = 1;
			remoteGlobalIDString = 028E7A9D1940CCBB00B60CD1;
			remoteInfo = "test-mdv";
		};
/* End PBXContainerItemProxy section */

/* Begin PBXFileReference section */
		028E7A9E1940CCBB00B60CD1 /* test-mdv.app */ = {isa = PBXFileReference; explicitFileType = wrapper.application; includeInIndex = 0; path = "test-mdv.app"; sourceTree = BUILT_PRODUCTS_DIR; };
		028E7AA21940CCBB00B60CD1 /* Info.plist */ = {isa = PBXFileReference; lastKnownFileType = text.plist.xml; path = Info.plist; sourceTree = "<group>"; };
		028E7AA31940CCBB00B60CD1 /* AppDelegate.swift */ = {isa = PBXFileReference; lastKnownFileType = sourcecode.swift; path = AppDelegate.swift; sourceTree = "<group>"; };
		028E7AA61940CCBB00B60CD1 /* test_mdv.xcdatamodel */ = {isa = PBXFileReference; lastKnownFileType = wrapper.xcdatamodel; path = test_mdv.xcdatamodel; sourceTree = "<group>"; };
		028E7AA81940CCBB00B60CD1 /* MasterViewController.swift */ = {isa = PBXFileReference; lastKnownFileType = sourcecode.swift; path = MasterViewController.swift; sourceTree = "<group>"; };
		028E7AAA1940CCBB00B60CD1 /* DetailViewController.swift */ = {isa = PBXFileReference; lastKnownFileType = sourcecode.swift; path = DetailViewController.swift; sourceTree = "<group>"; };
		028E7AAD1940CCBB00B60CD1 /* Base */ = {isa = PBXFileReference; lastKnownFileType = file.storyboard; name = Base; path = Base.lproj/Main.storyboard; sourceTree = "<group>"; };
		028E7AAF1940CCBB00B60CD1 /* Images.xcassets */ = {isa = PBXFileReference; lastKnownFileType = folder.assetcatalog; path = Images.xcassets; sourceTree = "<group>"; };
		028E7AB51940CCBB00B60CD1 /* test-mdvTests.xctest */ = {isa = PBXFileReference; explicitFileType = wrapper.cfbundle; includeInIndex = 0; path = "test-mdvTests.xctest"; sourceTree = BUILT_PRODUCTS_DIR; };
		028E7ABA1940CCBB00B60CD1 /* Info.plist */ = {isa = PBXFileReference; lastKnownFileType = text.plist.xml; path = Info.plist; sourceTree = "<group>"; };
		028E7ABB1940CCBB00B60CD1 /* test_mdvTests.swift */ = {isa = PBXFileReference; lastKnownFileType = sourcecode.swift; path = test_mdvTests.swift; sourceTree = "<group>"; };
/* End PBXFileReference section */

/* Begin PBXFrameworksBuildPhase section */
		028E7A9B1940CCBB00B60CD1 /* Frameworks */ = {
			isa = PBXFrameworksBuildPhase;
			buildActionMask = 2147483647;
			files = (
			);
			runOnlyForDeploymentPostprocessing = 0;
		};
		028E7AB21940CCBB00B60CD1 /* Frameworks */ = {
			isa = PBXFrameworksBuildPhase;
			buildActionMask = 2147483647;
			files = (
			);
			runOnlyForDeploymentPostprocessing = 0;
		};
/* End PBXFrameworksBuildPhase section */

/* Begin PBXGroup section */
		028E7A951940CCBB00B60CD1 = {
			isa = PBXGroup;
			children = (
				028E7AA01940CCBB00B60CD1 /* test-mdv */,
				028E7AB81940CCBB00B60CD1 /* test-mdvTests */,
				028E7A9F1940CCBB00B60CD1 /* Products */,
			);
			sourceTree = "<group>";
		};
		028E7A9F1940CCBB00B60CD1 /* Products */ = {
			isa = PBXGroup;
			children = (
				028E7A9E1940CCBB00B60CD1 /* test-mdv.app */,
				028E7AB51940CCBB00B60CD1 /* test-mdvTests.xctest */,
			);
			name = Products;
			sourceTree = "<group>";
		};
		028E7AA01940CCBB00B60CD1 /* test-mdv */ = {
			isa = PBXGroup;
			children = (
				028E7AA31940CCBB00B60CD1 /* AppDelegate.swift */,
				028E7AA81940CCBB00B60CD1 /* MasterViewController.swift */,
				028E7AAA1940CCBB00B60CD1 /* DetailViewController.swift */,
				028E7AAC1940CCBB00B60CD1 /* Main.storyboard */,
				028E7AAF1940CCBB00B60CD1 /* Images.xcassets */,
				028E7AA51940CCBB00B60CD1 /* test_mdv.xcdatamodeld */,
				028E7AA11940CCBB00B60CD1 /* Supporting Files */,
			);
			path = "test-mdv";
			sourceTree = "<group>";
		};
		028E7AA11940CCBB00B60CD1 /* Supporting Files */ = {
			isa = PBXGroup;
			children = (
				028E7AA21940CCBB00B60CD1 /* Info.plist */,
			);
			name = "Supporting Files";
			sourceTree = "<group>";
		};
		028E7AB81940CCBB00B60CD1 /* test-mdvTests */ = {
			isa = PBXGroup;
			children = (
				028E7ABB1940CCBB00B60CD1 /* test_mdvTests.swift */,
				028E7AB91940CCBB00B60CD1 /* Supporting Files */,
			);
			path = "test-mdvTests";
			sourceTree = "<group>";
		};
		028E7AB91940CCBB00B60CD1 /* Supporting Files */ = {
			isa = PBXGroup;
			children = (
				028E7ABA1940CCBB00B60CD1 /* Info.plist */,
			);
			name = "Supporting Files";
			sourceTree = "<group>";
		};
/* End PBXGroup section */

/* Begin PBXNativeTarget section */
		028E7A9D1940CCBB00B60CD1 /* test-mdv */ = {
			isa = PBXNativeTarget;
			buildConfigurationList = 028E7ABF1940CCBB00B60CD1 /* Build configuration list for PBXNativeTarget "test-mdv" */;
			buildPhases = (
				028E7A9A1940CCBB00B60CD1 /* Sources */,
				028E7A9B1940CCBB00B60CD1 /* Frameworks */,
				028E7A9C1940CCBB00B60CD1 /* Resources */,
			);
			buildRules = (
			);
			dependencies = (
			);
			name = "test-mdv";
			productName = "test-mdv";
			productReference = 028E7A9E1940CCBB00B60CD1 /* test-mdv.app */;
			productType = "com.apple.product-type.application";
		};
		028E7AB41940CCBB00B60CD1 /* test-mdvTests */ = {
			isa = PBXNativeTarget;
			buildConfigurationList = 028E7AC21940CCBB00B60CD1 /* Build configuration list for PBXNativeTarget "test-mdvTests" */;
			buildPhases = (
				028E7AB11940CCBB00B60CD1 /* Sources */,
				028E7AB21940CCBB00B60CD1 /* Frameworks */,
				028E7AB31940CCBB00B60CD1 /* Resources */,
			);
			buildRules = (
			);
			dependencies = (
				028E7AB71940CCBB00B60CD1 /* PBXTargetDependency */,
			);
			name = "test-mdvTests";
			productName = "test-mdvTests";
			productReference = 028E7AB51940CCBB00B60CD1 /* test-mdvTests.xctest */;
			productType = "com.apple.product-type.bundle.unit-test";
		};
/* End PBXNativeTarget section */

/* Begin PBXProject section */
		028E7A961940CCBB00B60CD1 /* Project object */ = {
			isa = PBXProject;
			attributes = {
				LastUpgradeCheck = 0600;
				ORGANIZATIONNAME = "Anton Zherdev";
				TargetAttributes = {
					028E7A9D1940CCBB00B60CD1 = {
						CreatedOnToolsVersion = 6.0;
					};
					028E7AB41940CCBB00B60CD1 = {
						CreatedOnToolsVersion = 6.0;
						TestTargetID = 028E7A9D1940CCBB00B60CD1;
					};
				};
			};
			buildConfigurationList = 028E7A991940CCBB00B60CD1 /* Build configuration list for PBXProject "test-mdv" */;
			compatibilityVersion = "Xcode 3.2";
			developmentRegion = English;
			hasScannedForEncodings = 0;
			knownRegions = (
				en,
				Base,
			);
			mainGroup = 028E7A951940CCBB00B60CD1;
			productRefGroup = 028E7A9F1940CCBB00B60CD1 /* Products */;
			projectDirPath = "";
			projectRoot = "";
			targets = (
				028E7A9D1940CCBB00B60CD1 /* test-mdv */,
				028E7AB41940CCBB00B60CD1 /* test-mdvTests */,
			);
		};
/* End PBXProject section */

/* Begin PBXResourcesBuildPhase section */
		028E7A9C1940CCBB00B60CD1 /* Resources */ = {
			isa = PBXResourcesBuildPhase;
			buildActionMask = 2147483647;
			files = (
				028E7AAE1940CCBB00B60CD1 /* Main.storyboard in Resources */,
				028E7AB01940CCBB00B60CD1 /* Images.xcassets in Resources */,
			);
			runOnlyForDeploymentPostprocessing = 0;
		};
		028E7AB31940CCBB00B60CD1 /* Resources */ = {
			isa = PBXResourcesBuildPhase;
			buildActionMask = 2147483647;
			files = (
			);
			runOnlyForDeploymentPostprocessing = 0;
		};
/* End PBXResourcesBuildPhase section */

/* Begin PBXSourcesBuildPhase section */
		028E7A9A1940CCBB00B60CD1 /* Sources */ = {
			isa = PBXSourcesBuildPhase;
			buildActionMask = 2147483647;
			files = (
				028E7AA41940CCBB00B60CD1 /* AppDelegate.swift in Sources */,
				028E7AA71940CCBB00B60CD1 /* test_mdv.xcdatamodeld in Sources */,
				028E7AA91940CCBB00B60CD1 /* MasterViewController.swift in Sources */,
				028E7AAB1940CCBB00B60CD1 /* DetailViewController.swift in Sources */,
			);
			runOnlyForDeploymentPostprocessing = 0;
		};
		028E7AB11940CCBB00B60CD1 /* Sources */ = {
			isa = PBXSourcesBuildPhase;
			buildActionMask = 2147483647;
			files = (
				028E7ABC1940CCBB00B60CD1 /* test_mdvTests.swift in Sources */,
			);
			runOnlyForDeploymentPostprocessing = 0;
		};
/* End PBXSourcesBuildPhase section */

/* Begin PBXTargetDependency section */
		028E7AB71940CCBB00B60CD1 /* PBXTargetDependency */ = {
			isa = PBXTargetDependency;
			target = 028E7A9D1940CCBB00B60CD1 /* test-mdv */;
			targetProxy = 028E7AB61940CCBB00B60CD1 /* PBXContainerItemProxy */;
		};
/* End PBXTargetDependency section */

/* Begin PBXVariantGroup section */
		028E7AAC1940CCBB00B60CD1 /* Main.storyboard */ = {
			isa = PBXVariantGroup;
			children = (
				028E7AAD1940CCBB00B60CD1 /* Base */,
			);
			name = Main.storyboard;
			sourceTree = "<group>";
		};
/* End PBXVariantGroup section */

/* Begin XCBuildConfiguration section */
		028E7ABD1940CCBB00B60CD1 /* Debug */ = {
			isa = XCBuildConfiguration;
			buildSettings = {
				ALWAYS_SEARCH_USER_PATHS = NO;
				CLANG_CXX_LANGUAGE_STANDARD = "gnu++0x";
				CLANG_CXX_LIBRARY = "libc++";
				CLANG_ENABLE_MODULES = YES;
				CLANG_ENABLE_OBJC_ARC = YES;
				CLANG_WARN_BOOL_CONVERSION = YES;
				CLANG_WARN_CONSTANT_CONVERSION = YES;
				CLANG_WARN_DIRECT_OBJC_ISA_USAGE = YES_ERROR;
				CLANG_WARN_EMPTY_BODY = YES;
				CLANG_WARN_ENUM_CONVERSION = YES;
				CLANG_WARN_INT_CONVERSION = YES;
				CLANG_WARN_OBJC_ROOT_CLASS = YES_ERROR;
				CLANG_WARN_UNREACHABLE_CODE = YES;
				CLANG_WARN__DUPLICATE_METHOD_MATCH = YES;
				"CODE_SIGN_IDENTITY[sdk=iphoneos*]" = "iPhone Developer";
				COPY_PHASE_STRIP = NO;
				ENABLE_STRICT_OBJC_MSGSEND = YES;
				GCC_C_LANGUAGE_STANDARD = gnu99;
				GCC_DYNAMIC_NO_PIC = NO;
				GCC_OPTIMIZATION_LEVEL = 0;
				GCC_PREPROCESSOR_DEFINITIONS = (
					"DEBUG=1",
					"$(inherited)",
				);
				GCC_SYMBOLS_PRIVATE_EXTERN = NO;
				GCC_WARN_64_TO_32_BIT_CONVERSION = YES;
				GCC_WARN_ABOUT_RETURN_TYPE = YES_ERROR;
				GCC_WARN_UNDECLARED_SELECTOR = YES;
				GCC_WARN_UNINITIALIZED_AUTOS = YES_AGGRESSIVE;
				GCC_WARN_UNUSED_FUNCTION = YES;
				GCC_WARN_UNUSED_VARIABLE = YES;
				IPHONEOS_DEPLOYMENT_TARGET = 8.0;
				METAL_ENABLE_DEBUG_INFO = YES;
				ONLY_ACTIVE_ARCH = YES;
				SDKROOT = iphoneos;
				SWIFT_OPTIMIZATION_LEVEL = "-Onone";
				TARGETED_DEVICE_FAMILY = "1,2";
			};
			name = Debug;
		};
		028E7ABE1940CCBB00B60CD1 /* Release */ = {
			isa = XCBuildConfiguration;
			buildSettings = {
				ALWAYS_SEARCH_USER_PATHS = NO;
				CLANG_CXX_LANGUAGE_STANDARD = "gnu++0x";
				CLANG_CXX_LIBRARY = "libc++";
				CLANG_ENABLE_MODULES = YES;
				CLANG_ENABLE_OBJC_ARC = YES;
				CLANG_WARN_BOOL_CONVERSION = YES;
				CLANG_WARN_CONSTANT_CONVERSION = YES;
				CLANG_WARN_DIRECT_OBJC_ISA_USAGE = YES_ERROR;
				CLANG_WARN_EMPTY_BODY = YES;
				CLANG_WARN_ENUM_CONVERSION = YES;
				CLANG_WARN_INT_CONVERSION = YES;
				CLANG_WARN_OBJC_ROOT_CLASS = YES_ERROR;
				CLANG_WARN_UNREACHABLE_CODE = YES;
				CLANG_WARN__DUPLICATE_METHOD_MATCH = YES;
				"CODE_SIGN_IDENTITY[sdk=iphoneos*]" = "iPhone Developer";
				COPY_PHASE_STRIP = YES;
				ENABLE_NS_ASSERTIONS = NO;
				ENABLE_STRICT_OBJC_MSGSEND = YES;
				GCC_C_LANGUAGE_STANDARD = gnu99;
				GCC_WARN_64_TO_32_BIT_CONVERSION = YES;
				GCC_WARN_ABOUT_RETURN_TYPE = YES_ERROR;
				GCC_WARN_UNDECLARED_SELECTOR = YES;
				GCC_WARN_UNINITIALIZED_AUTOS = YES_AGGRESSIVE;
				GCC_WARN_UNUSED_FUNCTION = YES;
				GCC_WARN_UNUSED_VARIABLE = YES;
				IPHONEOS_DEPLOYMENT_TARGET = 8.0;
				METAL_ENABLE_DEBUG_INFO = NO;
				SDKROOT = iphoneos;
				TARGETED_DEVICE_FAMILY = "1,2";
				VALIDATE_PRODUCT = YES;
			};
			name = Release;
		};
		028E7AC01940CCBB00B60CD1 /* Debug */ = {
			isa = XCBuildConfiguration;
			buildSettings = {
				ASSETCATALOG_COMPILER_APPICON_NAME = AppIcon;
				ASSETCATALOG_COMPILER_LAUNCHIMAGE_NAME = LaunchImage;
				INFOPLIST_FILE = "test-mdv/Info.plist";
				LD_RUNPATH_SEARCH_PATHS = "$(inherited) @executable_path/Frameworks";
				PRODUCT_NAME = "$(TARGET_NAME)";
			};
			name = Debug;
		};
		028E7AC11940CCBB00B60CD1 /* Release */ = {
			isa = XCBuildConfiguration;
			buildSettings = {
				ASSETCATALOG_COMPILER_APPICON_NAME = AppIcon;
				ASSETCATALOG_COMPILER_LAUNCHIMAGE_NAME = LaunchImage;
				INFOPLIST_FILE = "test-mdv/Info.plist";
				LD_RUNPATH_SEARCH_PATHS = "$(inherited) @executable_path/Frameworks";
				PRODUCT_NAME = "$(TARGET_NAME)";
			};
			name = Release;
		};
		028E7AC31940CCBB00B60CD1 /* Debug */ = {
			isa = XCBuildConfiguration;
			buildSettings = {
				BUNDLE_LOADER = "$(BUILT_PRODUCTS_DIR)/test-mdv.app/test-mdv";
				FRAMEWORK_SEARCH_PATHS = (
					"$(SDKROOT)/Developer/Library/Frameworks",
					"$(inherited)",
				);
				GCC_PREPROCESSOR_DEFINITIONS = (
					"DEBUG=1",
					"$(inherited)",
				);
				INFOPLIST_FILE = "test-mdvTests/Info.plist";
				LD_RUNPATH_SEARCH_PATHS = "$(inherited) @executable_path/Frameworks @loader_path/Frameworks";
				METAL_ENABLE_DEBUG_INFO = YES;
				PRODUCT_NAME = "$(TARGET_NAME)";
				TEST_HOST = "$(BUNDLE_LOADER)";
			};
			name = Debug;
		};
		028E7AC41940CCBB00B60CD1 /* Release */ = {
			isa = XCBuildConfiguration;
			buildSettings = {
				BUNDLE_LOADER = "$(BUILT_PRODUCTS_DIR)/test-mdv.app/test-mdv";
				FRAMEWORK_SEARCH_PATHS = (
					"$(SDKROOT)/Developer/Library/Frameworks",
					"$(inherited)",
				);
				INFOPLIST_FILE = "test-mdvTests/Info.plist";
				LD_RUNPATH_SEARCH_PATHS = "$(inherited) @executable_path/Frameworks @loader_path/Frameworks";
				METAL_ENABLE_DEBUG_INFO = NO;
				PRODUCT_NAME = "$(TARGET_NAME)";
				TEST_HOST = "$(BUNDLE_LOADER)";
			};
			name = Release;
		};
/* End XCBuildConfiguration section */

/* Begin XCConfigurationList section */
		028E7A991940CCBB00B60CD1 /* Build configuration list for PBXProject "test-mdv" */ = {
			isa = XCConfigurationList;
			buildConfigurations = (
				028E7ABD1940CCBB00B60CD1 /* Debug */,
				028E7ABE1940CCBB00B60CD1 /* Release */,
			);
			defaultConfigurationIsVisible = 0;
			defaultConfigurationName = Release;
		};
		028E7ABF1940CCBB00B60CD1 /* Build configuration list for PBXNativeTarget "test-mdv" */ = {
			isa = XCConfigurationList;
			buildConfigurations = (
				028E7AC01940CCBB00B60CD1 /* Debug */,
				028E7AC11940CCBB00B60CD1 /* Release */,
			);
			defaultConfigurationIsVisible = 0;
		};
		028E7AC21940CCBB00B60CD1 /* Build configuration list for PBXNativeTarget "test-mdvTests" */ = {
			isa = XCConfigurationList;
			buildConfigurations = (
				028E7AC31940CCBB00B60CD1 /* Debug */,
				028E7AC41940CCBB00B60CD1 /* Release */,
			);
			defaultConfigurationIsVisible = 0;
		};
/* End XCConfigurationList section */

/* Begin XCVersionGroup section */
		028E7AA51940CCBB00B60CD1 /* test_mdv.xcdatamodeld */ = {
			isa = XCVersionGroup;
			children = (
				028E7AA61940CCBB00B60CD1 /* test_mdv.xcdatamodel */,
			);
			currentVersion = 028E7AA61940CCBB00B60CD1 /* test_mdv.xcdatamodel */;
			path = test_mdv.xcdatamodeld;
			sourceTree = "<group>";
			versionGroupType = wrapper.xcdatamodel;
		};
/* End XCVersionGroup section */
	};
	rootObject = 028E7A961940CCBB00B60CD1 /* Project object */;
}
